
Microsoft Visual Studio Solution File, Format Version 12.00
# Visual Studio Version 16
VisualStudioVersion = 16.0.30114.105
MinimumVisualStudioVersion = 10.0.40219.1
Project("{FAE04EC0-301F-11D3-BF4B-00C04F79EFBC}") = "LibHutech-DoAnLapTrinhWeb", "LibHutech-DoAnLapTrinhWeb\LibHutech-DoAnLapTrinhWeb.csproj", "{9EE6EA0B-B851-4857-BBDE-18E577A1052E}"
EndProject
Global
	GlobalSection(SolutionConfigurationPlatforms) = preSolution
		Debug|Any CPU = Debug|Any CPU
		Release|Any CPU = Release|Any CPU
	EndGlobalSection
	GlobalSection(ProjectConfigurationPlatforms) = postSolution
		{9EE6EA0B-B851-4857-BBDE-18E577A1052E}.Debug|Any CPU.ActiveCfg = Debug|Any CPU
		{9EE6EA0B-B851-4857-BBDE-18E577A1052E}.Debug|Any CPU.Build.0 = Debug|Any CPU
		{9EE6EA0B-B851-4857-BBDE-18E577A1052E}.Release|Any CPU.ActiveCfg = Release|Any CPU
		{9EE6EA0B-B851-4857-BBDE-18E577A1052E}.Release|Any CPU.Build.0 = Release|Any CPU
	EndGlobalSection
	GlobalSection(SolutionProperties) = preSolution
		HideSolutionNode = FALSE
	EndGlobalSection
	GlobalSection(ExtensibilityGlobals) = postSolution
		SolutionGuid = {628F64AE-A9D2-458E-AB2E-FA3B3D2E0FF7}
	EndGlobalSection
EndGlobal
